
Microsoft Visual Studio Solution File, Format Version 12.00
# Visual Studio Version 17
VisualStudioVersion = 17.10.34928.147
MinimumVisualStudioVersion = 10.0.40219.1
Project("{FAE04EC0-301F-11D3-BF4B-00C04F79EFBC}") = "ProjectManageAPI", "ProjectManageAPI.csproj", "{7FFB413E-B83C-4AB5-A178-4980E6A6996E}"
EndProject
Global
	GlobalSection(SolutionConfigurationPlatforms) = preSolution
		Debug|Any CPU = Debug|Any CPU
		Release|Any CPU = Release|Any CPU
	EndGlobalSection
	GlobalSection(ProjectConfigurationPlatforms) = postSolution
		{7FFB413E-B83C-4AB5-A178-4980E6A6996E}.Debug|Any CPU.ActiveCfg = Debug|Any CPU
		{7FFB413E-B83C-4AB5-A178-4980E6A6996E}.Debug|Any CPU.Build.0 = Debug|Any CPU
		{7FFB413E-B83C-4AB5-A178-4980E6A6996E}.Release|Any CPU.ActiveCfg = Release|Any CPU
		{7FFB413E-B83C-4AB5-A178-4980E6A6996E}.Release|Any CPU.Build.0 = Release|Any CPU
	EndGlobalSection
	GlobalSection(SolutionProperties) = preSolution
		HideSolutionNode = FALSE
	EndGlobalSection
	GlobalSection(ExtensibilityGlobals) = postSolution
		SolutionGuid = {B99CD7AE-8365-474D-8C08-D36C124AA14D}
	EndGlobalSection
EndGlobal
